{
    "_readme": [
        "This file locks the dependencies of your project to a known state",
        "Read more about it at https://getcomposer.org/doc/01-basic-usage.md#composer-lock-the-lock-file",
        "This file is @generated automatically"
    ],
    "content-hash": "a00a3572f98450eeca86819769758bf8",
    "packages": [
        {
            "name": "boldgrid/library",
            "version": "2.0.0",
            "source": {
                "type": "git",
                "url": "https://github.com/BoldGrid/library.git",
                "reference": "bb17504b66ce9dd08b5a99c426d37dc92724fb99"
            },
            "dist": {
                "type": "zip",
                "url": "https://api.github.com/repos/BoldGrid/library/zipball/bb17504b66ce9dd08b5a99c426d37dc92724fb99",
                "reference": "bb17504b66ce9dd08b5a99c426d37dc92724fb99",
                "shasum": ""
            },
            "type": "library",
            "autoload": {
                "psr-4": {
                    "Boldgrid\\Library\\Util\\": "src/Util"
                }
            },
            "notification-url": "https://packagist.org/downloads/",
            "license": [
                "GPL-2.0-or-later"
            ],
            "authors": [
                {
                    "name": "Tim Elsass",
                    "email": "dev@tim.ph",
                    "homepage": "http://tim.ph",
                    "role": "Developer"
                },
                {
                    "name": "Rafael Ramos",
                    "homepage": "http://rafael-ramos.com",
                    "role": "Developer"
                },
                {
                    "name": "bwmarkle",
                    "role": "Developer"
                },
                {
                    "name": "Joe C",
                    "email": "joec@boldgrid.com",
                    "role": "Developer"
                }
            ],
            "description": "The BoldGrid Library for shared code used in official BoldGrid plugins and themes.",
            "time": "2018-01-23T15:36:27+00:00"
        }
    ],
    "packages-dev": [],
    "aliases": [],
    "minimum-stability": "stable",
    "stability-flags": [],
    "prefer-stable": false,
    "prefer-lowest": false,
    "platform": [],
    "platform-dev": []
}
